
Microsoft Visual Studio Solution File, Format Version 12.00
# Visual Studio Version 17
VisualStudioVersion = 17.8.34322.80
MinimumVisualStudioVersion = 10.0.40219.1
Project("{9A19103F-16F7-4668-BE54-9A1E7A4F7556}") = "Image Recognition", "Image Recognition\Image Recognition.csproj", "{8951E93B-7691-49E2-A683-200655440C08}"
EndProject
Project("{9A19103F-16F7-4668-BE54-9A1E7A4F7556}") = "MLModel1_ConsoleApp2", "MLModel1_ConsoleApp2\MLModel1_ConsoleApp2.csproj", "{29B45A56-D6FF-4C57-BC33-736EAE4739DD}"
EndProject
Global
	GlobalSection(SolutionConfigurationPlatforms) = preSolution
		Debug|Any CPU = Debug|Any CPU
		Release|Any CPU = Release|Any CPU
	EndGlobalSection
	GlobalSection(ProjectConfigurationPlatforms) = postSolution
		{8951E93B-7691-49E2-A683-200655440C08}.Debug|Any CPU.ActiveCfg = Debug|Any CPU
		{8951E93B-7691-49E2-A683-200655440C08}.Debug|Any CPU.Build.0 = Debug|Any CPU
		{8951E93B-7691-49E2-A683-200655440C08}.Release|Any CPU.ActiveCfg = Release|Any CPU
		{8951E93B-7691-49E2-A683-200655440C08}.Release|Any CPU.Build.0 = Release|Any CPU
		{29B45A56-D6FF-4C57-BC33-736EAE4739DD}.Debug|Any CPU.ActiveCfg = Debug|Any CPU
		{29B45A56-D6FF-4C57-BC33-736EAE4739DD}.Debug|Any CPU.Build.0 = Debug|Any CPU
		{29B45A56-D6FF-4C57-BC33-736EAE4739DD}.Release|Any CPU.ActiveCfg = Release|Any CPU
		{29B45A56-D6FF-4C57-BC33-736EAE4739DD}.Release|Any CPU.Build.0 = Release|Any CPU
	EndGlobalSection
	GlobalSection(SolutionProperties) = preSolution
		HideSolutionNode = FALSE
	EndGlobalSection
	GlobalSection(ExtensibilityGlobals) = postSolution
		SolutionGuid = {7716A491-3B37-4B3C-AA39-A34F44368633}
	EndGlobalSection
EndGlobal
